
Microsoft Visual Studio Solution File, Format Version 12.00
# Visual Studio Version 17
VisualStudioVersion = 17.2.32616.157
MinimumVisualStudioVersion = 10.0.40219.1
Project("{FAE04EC0-301F-11D3-BF4B-00C04F79EFBC}") = "BDLaunch", "BDLaunch.csproj", "{DF40FD11-A4F0-4E17-8ACF-EFD69FD3835C}"
EndProject
Global
	GlobalSection(SolutionConfigurationPlatforms) = preSolution
		Debug|Any CPU = Debug|Any CPU
		Debug|x64 = Debug|x64
		Release|Any CPU = Release|Any CPU
		Release|x64 = Release|x64
	EndGlobalSection
	GlobalSection(ProjectConfigurationPlatforms) = postSolution
		{DF40FD11-A4F0-4E17-8ACF-EFD69FD3835C}.Debug|Any CPU.ActiveCfg = Debug|Any CPU
		{DF40FD11-A4F0-4E17-8ACF-EFD69FD3835C}.Debug|Any CPU.Build.0 = Debug|Any CPU
		{DF40FD11-A4F0-4E17-8ACF-EFD69FD3835C}.Debug|x64.ActiveCfg = Debug|x64
		{DF40FD11-A4F0-4E17-8ACF-EFD69FD3835C}.Debug|x64.Build.0 = Debug|x64
		{DF40FD11-A4F0-4E17-8ACF-EFD69FD3835C}.Release|Any CPU.ActiveCfg = Release|Any CPU
		{DF40FD11-A4F0-4E17-8ACF-EFD69FD3835C}.Release|Any CPU.Build.0 = Release|Any CPU
		{DF40FD11-A4F0-4E17-8ACF-EFD69FD3835C}.Release|x64.ActiveCfg = Release|x64
		{DF40FD11-A4F0-4E17-8ACF-EFD69FD3835C}.Release|x64.Build.0 = Release|x64
	EndGlobalSection
	GlobalSection(SolutionProperties) = preSolution
		HideSolutionNode = FALSE
	EndGlobalSection
	GlobalSection(ExtensibilityGlobals) = postSolution
		SolutionGuid = {2D820A92-597F-4354-A0F2-D854D920F0E7}
	EndGlobalSection
EndGlobal
